{
  "nodes": {
    "nixpkgs": {
      "locked": {
        "lastModified": 1767110388,
        "narHash": "sha256-tUobCLG5goWJCYG1n93+LkqtnXhkjp8yAN+JxOUQw8A=",
        "owner": "nixos",
        "repo": "nixpkgs",
        "rev": "05c7105b8feb2a27968bb3120e3b07cba0b859bb",
        "type": "github"
      },
      "original": {
        "owner": "nixos",
        "repo": "nixpkgs",
        "type": "github"
      }
    },
    "root": {
      "inputs": {
        "nixpkgs": "nixpkgs"
      }
    }
  },
  "root": "root",
  "version": 7
}
